
Microsoft Visual Studio Solution File, Format Version 12.00
# Visual Studio 15
VisualStudioVersion = 15.0.28010.2003
MinimumVisualStudioVersion = 10.0.40219.1
Project("{8BC9CEB8-8B4A-11D0-8D11-00A0C91BC942}") = "k4abt_test", "k4abt_test.vcxproj", "{406106BF-46AE-4DA5-9F47-87F4EB2EC9F6}"
EndProject
Global
	GlobalSection(SolutionConfigurationPlatforms) = preSolution
		Debug|x64 = Debug|x64
		Debug|x86 = Debug|x86
		Release|x64 = Release|x64
		Release|x86 = Release|x86
	EndGlobalSection
	GlobalSection(ProjectConfigurationPlatforms) = postSolution
		{406106BF-46AE-4DA5-9F47-87F4EB2EC9F6}.Debug|x64.ActiveCfg = Debug|x64
		{406106BF-46AE-4DA5-9F47-87F4EB2EC9F6}.Debug|x64.Build.0 = Debug|x64
		{406106BF-46AE-4DA5-9F47-87F4EB2EC9F6}.Debug|x86.ActiveCfg = Debug|Win32
		{406106BF-46AE-4DA5-9F47-87F4EB2EC9F6}.Debug|x86.Build.0 = Debug|Win32
		{406106BF-46AE-4DA5-9F47-87F4EB2EC9F6}.Release|x64.ActiveCfg = Release|x64
		{406106BF-46AE-4DA5-9F47-87F4EB2EC9F6}.Release|x64.Build.0 = Release|x64
		{406106BF-46AE-4DA5-9F47-87F4EB2EC9F6}.Release|x86.ActiveCfg = Release|Win32
		{406106BF-46AE-4DA5-9F47-87F4EB2EC9F6}.Release|x86.Build.0 = Release|Win32
	EndGlobalSection
	GlobalSection(SolutionProperties) = preSolution
		HideSolutionNode = FALSE
	EndGlobalSection
	GlobalSection(ExtensibilityGlobals) = postSolution
		SolutionGuid = {75C1C134-B36A-4A8C-A215-D7043DB93A7E}
	EndGlobalSection
EndGlobal
